// !$*UTF8*$!
{
	archiveVersion = 1;
	classes = {
	};
	objectVersion = 46;
	objects = {

/* Begin PBXBuildFile section */
		1C146BAB1D2D647D009E1223 /* AppDelegate.swift in Sources */ = {isa = PBXBuildFile; fileRef = 1C146BAA1D2D647D009E1223 /* AppDelegate.swift */; };
		1C146BB01D2D647D009E1223 /* Main.storyboard in Resources */ = {isa = PBXBuildFile; fileRef = 1C146BAE1D2D647D009E1223 /* Main.storyboard */; };
		1C146BB21D2D647D009E1223 /* Assets.xcassets in Resources */ = {isa = PBXBuildFile; fileRef = 1C146BB11D2D647D009E1223 /* Assets.xcassets */; };
		1C146BB51D2D647D009E1223 /* LaunchScreen.storyboard in Resources */ = {isa = PBXBuildFile; fileRef = 1C146BB31D2D647D009E1223 /* LaunchScreen.storyboard */; };
		1C146BBD1D2D6D53009E1223 /* WeekListViewController.swift in Sources */ = {isa = PBXBuildFile; fileRef = 1C146BBC1D2D6D53009E1223 /* WeekListViewController.swift */; };
		1C146BBF1D2D6D7A009E1223 /* DayViewController.swift in Sources */ = {isa = PBXBuildFile; fileRef = 1C146BBE1D2D6D7A009E1223 /* DayViewController.swift */; };
/* End PBXBuildFile section */

/* Begin PBXFileReference section */
		1C146BA71D2D647D009E1223 /* TableViews2.app */ = {isa = PBXFileReference; explicitFileType = wrapper.application; includeInIndex = 0; path = TableViews2.app; sourceTree = BUILT_PRODUCTS_DIR; };
		1C146BAA1D2D647D009E1223 /* AppDelegate.swift */ = {isa = PBXFileReference; lastKnownFileType = sourcecode.swift; path = AppDelegate.swift; sourceTree = "<group>"; };
		1C146BAF1D2D647D009E1223 /* Base */ = {isa = PBXFileReference; lastKnownFileType = file.storyboard; name = Base; path = Base.lproj/Main.storyboard; sourceTree = "<group>"; };
		1C146BB11D2D647D009E1223 /* Assets.xcassets */ = {isa = PBXFileReference; lastKnownFileType = folder.assetcatalog; path = Assets.xcassets; sourceTree = "<group>"; };
		1C146BB41D2D647D009E1223 /* Base */ = {isa = PBXFileReference; lastKnownFileType = file.storyboard; name = Base; path = Base.lproj/LaunchScreen.storyboard; sourceTree = "<group>"; };
		1C146BB61D2D647D009E1223 /* Info.plist */ = {isa = PBXFileReference; lastKnownFileType = text.plist.xml; path = Info.plist; sourceTree = "<group>"; };
		1C146BBC1D2D6D53009E1223 /* WeekListViewController.swift */ = {isa = PBXFileReference; fileEncoding = 4; lastKnownFileType = sourcecode.swift; path = WeekListViewController.swift; sourceTree = "<group>"; };
		1C146BBE1D2D6D7A009E1223 /* DayViewController.swift */ = {isa = PBXFileReference; fileEncoding = 4; lastKnownFileType = sourcecode.swift; path = DayViewController.swift; sourceTree = "<group>"; };
/* End PBXFileReference section */

/* Begin PBXFrameworksBuildPhase section */
		1C146BA41D2D647D009E1223 /* Frameworks */ = {
			isa = PBXFrameworksBuildPhase;
			buildActionMask = 2147483647;
			files = (
			);
			runOnlyForDeploymentPostprocessing = 0;
		};
/* End PBXFrameworksBuildPhase section */

/* Begin PBXGroup section */
		1C146B9E1D2D647C009E1223 = {
			isa = PBXGroup;
			children = (
				1C146BA91D2D647D009E1223 /* TableViews2 */,
				1C146BA81D2D647D009E1223 /* Products */,
			);
			sourceTree = "<group>";
		};
		1C146BA81D2D647D009E1223 /* Products */ = {
			isa = PBXGroup;
			children = (
				1C146BA71D2D647D009E1223 /* TableViews2.app */,
			);
			name = Products;
			sourceTree = "<group>";
		};
		1C146BA91D2D647D009E1223 /* TableViews2 */ = {
			isa = PBXGroup;
			children = (
				1C146BAA1D2D647D009E1223 /* AppDelegate.swift */,
				1C146BBC1D2D6D53009E1223 /* WeekListViewController.swift */,
				1C146BBE1D2D6D7A009E1223 /* DayViewController.swift */,
				1C146BAE1D2D647D009E1223 /* Main.storyboard */,
				1C146BB11D2D647D009E1223 /* Assets.xcassets */,
				1C146BB31D2D647D009E1223 /* LaunchScreen.storyboard */,
				1C146BB61D2D647D009E1223 /* Info.plist */,
			);
			path = TableViews2;
			sourceTree = "<group>";
		};
/* End PBXGroup section */

/* Begin PBXNativeTarget section */
		1C146BA61D2D647D009E1223 /* TableViews2 */ = {
			isa = PBXNativeTarget;
			buildConfigurationList = 1C146BB91D2D647D009E1223 /* Build configuration list for PBXNativeTarget "TableViews2" */;
			buildPhases = (
				1C146BA31D2D647D009E1223 /* Sources */,
				1C146BA41D2D647D009E1223 /* Frameworks */,
				1C146BA51D2D647D009E1223 /* Resources */,
			);
			buildRules = (
			);
			dependencies = (
			);
			name = TableViews2;
			productName = TableViews2;
			productReference = 1C146BA71D2D647D009E1223 /* TableViews2.app */;
			productType = "com.apple.product-type.application";
		};
/* End PBXNativeTarget section */

/* Begin PBXProject section */
		1C146B9F1D2D647D009E1223 /* Project object */ = {
			isa = PBXProject;
			attributes = {
				LastSwiftUpdateCheck = 0730;
				LastUpgradeCheck = 0730;
				ORGANIZATIONNAME = "D Chad Leonard";
				TargetAttributes = {
					1C146BA61D2D647D009E1223 = {
						CreatedOnToolsVersion = 7.3.1;
					};
				};
			};
			buildConfigurationList = 1C146BA21D2D647D009E1223 /* Build configuration list for PBXProject "TableViews2" */;
			compatibilityVersion = "Xcode 3.2";
			developmentRegion = English;
			hasScannedForEncodings = 0;
			knownRegions = (
				en,
				Base,
			);
			mainGroup = 1C146B9E1D2D647C009E1223;
			productRefGroup = 1C146BA81D2D647D009E1223 /* Products */;
			projectDirPath = "";
			projectRoot = "";
			targets = (
				1C146BA61D2D647D009E1223 /* TableViews2 */,
			);
		};
/* End PBXProject section */

/* Begin PBXResourcesBuildPhase section */
		1C146BA51D2D647D009E1223 /* Resources */ = {
			isa = PBXResourcesBuildPhase;
			buildActionMask = 2147483647;
			files = (
				1C146BB51D2D647D009E1223 /* LaunchScreen.storyboard in Resources */,
				1C146BB21D2D647D009E1223 /* Assets.xcassets in Resources */,
				1C146BB01D2D647D009E1223 /* Main.storyboard in Resources */,
			);
			runOnlyForDeploymentPostprocessing = 0;
		};
/* End PBXResourcesBuildPhase section */

/* Begin PBXSourcesBuildPhase section */
		1C146BA31D2D647D009E1223 /* Sources */ = {
			isa = PBXSourcesBuildPhase;
			buildActionMask = 2147483647;
			files = (
				1C146BBD1D2D6D53009E1223 /* WeekListViewController.swift in Sources */,
				1C146BAB1D2D647D009E1223 /* AppDelegate.swift in Sources */,
				1C146BBF1D2D6D7A009E1223 /* DayViewController.swift in Sources */,
			);
			runOnlyForDeploymentPostprocessing = 0;
		};
/* End PBXSourcesBuildPhase section */

/* Begin PBXVariantGroup section */
		1C146BAE1D2D647D009E1223 /* Main.storyboard */ = {
			isa = PBXVariantGroup;
			children = (
				1C146BAF1D2D647D009E1223 /* Base */,
			);
			name = Main.storyboard;
			sourceTree = "<group>";
		};
		1C146BB31D2D647D009E1223 /* LaunchScreen.storyboard */ = {
			isa = PBXVariantGroup;
			children = (
				1C146BB41D2D647D009E1223 /* Base */,
			);
			name = LaunchScreen.storyboard;
			sourceTree = "<group>";
		};
/* End PBXVariantGroup section */

/* Begin XCBuildConfiguration section */
		1C146BB71D2D647D009E1223 /* Debug */ = {
			isa = XCBuildConfiguration;
			buildSettings = {
				ALWAYS_SEARCH_USER_PATHS = NO;
				CLANG_ANALYZER_NONNULL = YES;
				CLANG_CXX_LANGUAGE_STANDARD = "gnu++0x";
				CLANG_CXX_LIBRARY = "libc++";
				CLANG_ENABLE_MODULES = YES;
				CLANG_ENABLE_OBJC_ARC = YES;
				CLANG_WARN_BOOL_CONVERSION = YES;
				CLANG_WARN_CONSTANT_CONVERSION = YES;
				CLANG_WARN_DIRECT_OBJC_ISA_USAGE = YES_ERROR;
				CLANG_WARN_EMPTY_BODY = YES;
				CLANG_WARN_ENUM_CONVERSION = YES;
				CLANG_WARN_INT_CONVERSION = YES;
				CLANG_WARN_OBJC_ROOT_CLASS = YES_ERROR;
				CLANG_WARN_UNREACHABLE_CODE = YES;
				CLANG_WARN__DUPLICATE_METHOD_MATCH = YES;
				"CODE_SIGN_IDENTITY[sdk=iphoneos*]" = "iPhone Developer";
				COPY_PHASE_STRIP = NO;
				DEBUG_INFORMATION_FORMAT = dwarf;
				ENABLE_STRICT_OBJC_MSGSEND = YES;
				ENABLE_TESTABILITY = YES;
				GCC_C_LANGUAGE_STANDARD = gnu99;
				GCC_DYNAMIC_NO_PIC = NO;
				GCC_NO_COMMON_BLOCKS = YES;
				GCC_OPTIMIZATION_LEVEL = 0;
				GCC_PREPROCESSOR_DEFINITIONS = (
					"DEBUG=1",
					"$(inherited)",
				);
				GCC_WARN_64_TO_32_BIT_CONVERSION = YES;
				GCC_WARN_ABOUT_RETURN_TYPE = YES_ERROR;
				GCC_WARN_UNDECLARED_SELECTOR = YES;
				GCC_WARN_UNINITIALIZED_AUTOS = YES_AGGRESSIVE;
				GCC_WARN_UNUSED_FUNCTION = YES;
				GCC_WARN_UNUSED_VARIABLE = YES;
				IPHONEOS_DEPLOYMENT_TARGET = 9.3;
				MTL_ENABLE_DEBUG_INFO = YES;
				ONLY_ACTIVE_ARCH = YES;
				SDKROOT = iphoneos;
				SWIFT_OPTIMIZATION_LEVEL = "-Onone";
			};
			name = Debug;
		};
		1C146BB81D2D647D009E1223 /* Release */ = {
			isa = XCBuildConfiguration;
			buildSettings = {
				ALWAYS_SEARCH_USER_PATHS = NO;
				CLANG_ANALYZER_NONNULL = YES;
				CLANG_CXX_LANGUAGE_STANDARD = "gnu++0x";
				CLANG_CXX_LIBRARY = "libc++";
				CLANG_ENABLE_MODULES = YES;
				CLANG_ENABLE_OBJC_ARC = YES;
				CLANG_WARN_BOOL_CONVERSION = YES;
				CLANG_WARN_CONSTANT_CONVERSION = YES;
				CLANG_WARN_DIRECT_OBJC_ISA_USAGE = YES_ERROR;
				CLANG_WARN_EMPTY_BODY = YES;
				CLANG_WARN_ENUM_CONVERSION = YES;
				CLANG_WARN_INT_CONVERSION = YES;
				CLANG_WARN_OBJC_ROOT_CLASS = YES_ERROR;
				CLANG_WARN_UNREACHABLE_CODE = YES;
				CLANG_WARN__DUPLICATE_METHOD_MATCH = YES;
				"CODE_SIGN_IDENTITY[sdk=iphoneos*]" = "iPhone Developer";
				COPY_PHASE_STRIP = NO;
				DEBUG_INFORMATION_FORMAT = "dwarf-with-dsym";
				ENABLE_NS_ASSERTIONS = NO;
				ENABLE_STRICT_OBJC_MSGSEND = YES;
				GCC_C_LANGUAGE_STANDARD = gnu99;
				GCC_NO_COMMON_BLOCKS = YES;
				GCC_WARN_64_TO_32_BIT_CONVERSION = YES;
				GCC_WARN_ABOUT_RETURN_TYPE = YES_ERROR;
				GCC_WARN_UNDECLARED_SELECTOR = YES;
				GCC_WARN_UNINITIALIZED_AUTOS = YES_AGGRESSIVE;
				GCC_WARN_UNUSED_FUNCTION = YES;
				GCC_WARN_UNUSED_VARIABLE = YES;
				IPHONEOS_DEPLOYMENT_TARGET = 9.3;
				MTL_ENABLE_DEBUG_INFO = NO;
				SDKROOT = iphoneos;
				VALIDATE_PRODUCT = YES;
			};
			name = Release;
		};
		1C146BBA1D2D647D009E1223 /* Debug */ = {
			isa = XCBuildConfiguration;
			buildSettings = {
				ASSETCATALOG_COMPILER_APPICON_NAME = AppIcon;
				INFOPLIST_FILE = TableViews2/Info.plist;
				LD_RUNPATH_SEARCH_PATHS = "$(inherited) @executable_path/Frameworks";
				PRODUCT_BUNDLE_IDENTIFIER = com.example.TableViews2;
				PRODUCT_NAME = "$(TARGET_NAME)";
			};
			name = Debug;
		};
		1C146BBB1D2D647D009E1223 /* Release */ = {
			isa = XCBuildConfiguration;
			buildSettings = {
				ASSETCATALOG_COMPILER_APPICON_NAME = AppIcon;
				INFOPLIST_FILE = TableViews2/Info.plist;
				LD_RUNPATH_SEARCH_PATHS = "$(inherited) @executable_path/Frameworks";
				PRODUCT_BUNDLE_IDENTIFIER = com.example.TableViews2;
				PRODUCT_NAME = "$(TARGET_NAME)";
			};
			name = Release;
		};
/* End XCBuildConfiguration section */

/* Begin XCConfigurationList section */
		1C146BA21D2D647D009E1223 /* Build configuration list for PBXProject "TableViews2" */ = {
			isa = XCConfigurationList;
			buildConfigurations = (
				1C146BB71D2D647D009E1223 /* Debug */,
				1C146BB81D2D647D009E1223 /* Release */,
			);
			defaultConfigurationIsVisible = 0;
			defaultConfigurationName = Release;
		};
		1C146BB91D2D647D009E1223 /* Build configuration list for PBXNativeTarget "TableViews2" */ = {
			isa = XCConfigurationList;
			buildConfigurations = (
				1C146BBA1D2D647D009E1223 /* Debug */,
				1C146BBB1D2D647D009E1223 /* Release */,
			);
			defaultConfigurationIsVisible = 0;
			defaultConfigurationName = Release;
		};
/* End XCConfigurationList section */
	};
	rootObject = 1C146B9F1D2D647D009E1223 /* Project object */;
}
